// !$*UTF8*$!
{
	archiveVersion = 1;
	classes = {
	};
	objectVersion = 56;
	objects = {

/* Begin PBXBuildFile section */
		6B7F65612BB79EE6007FBA95 /* pageframe.html in Resources */ = {isa = PBXBuildFile; fileRef = 6B7F65602BB79EE6007FBA95 /* pageframe.html */; };
		6BC0B7DE2BBAE225007DEBAC /* logic.js in Resources */ = {isa = PBXBuildFile; fileRef = 6BD5E5BF2BB6EE54006EB33F /* logic.js */; };
		6BC0B7E02BBAE273007DEBAC /* index.js in Resources */ = {isa = PBXBuildFile; fileRef = 6BD5E5C22BB709A9006EB33F /* index.js */; };
		6BD5E5972BB6C33A006EB33F /* WeappApp.swift in Sources */ = {isa = PBXBuildFile; fileRef = 6BD5E5962BB6C33A006EB33F /* WeappApp.swift */; };
		6BD5E5992BB6C33A006EB33F /* ContentView.swift in Sources */ = {isa = PBXBuildFile; fileRef = 6BD5E5982BB6C33A006EB33F /* ContentView.swift */; };
		6BD5E59B2BB6C33C006EB33F /* Assets.xcassets in Resources */ = {isa = PBXBuildFile; fileRef = 6BD5E59A2BB6C33C006EB33F /* Assets.xcassets */; };
		6BD5E59E2BB6C33C006EB33F /* Preview Assets.xcassets in Resources */ = {isa = PBXBuildFile; fileRef = 6BD5E59D2BB6C33C006EB33F /* Preview Assets.xcassets */; };
		6BD5E5A62BB6C36B006EB33F /* MiniAppSandbox.swift in Sources */ = {isa = PBXBuildFile; fileRef = 6BD5E5A42BB6C36B006EB33F /* MiniAppSandbox.swift */; };
		6BD5E5A72BB6C36B006EB33F /* AppManger.swift in Sources */ = {isa = PBXBuildFile; fileRef = 6BD5E5A52BB6C36B006EB33F /* AppManger.swift */; };
		6BD5E5AD2BB6CFF6006EB33F /* Navigation.swift in Sources */ = {isa = PBXBuildFile; fileRef = 6BD5E5AC2BB6CFF6006EB33F /* Navigation.swift */; };
		6BD5E5AF2BB6D43E006EB33F /* LoadingView.swift in Sources */ = {isa = PBXBuildFile; fileRef = 6BD5E5AE2BB6D43E006EB33F /* LoadingView.swift */; };
		6BD5E5BB2BB6E9B3006EB33F /* Bridge.swift in Sources */ = {isa = PBXBuildFile; fileRef = 6BD5E5BA2BB6E9B3006EB33F /* Bridge.swift */; };
		6BD5E5BD2BB6EBF0006EB33F /* JSCore.swift in Sources */ = {isa = PBXBuildFile; fileRef = 6BD5E5BC2BB6EBF0006EB33F /* JSCore.swift */; };
		6BD647F02BB7EDBA006DC9C6 /* WeWrapper.swift in Sources */ = {isa = PBXBuildFile; fileRef = 6BD647EF2BB7EDBA006DC9C6 /* WeWrapper.swift */; };
/* End PBXBuildFile section */

/* Begin PBXFileReference section */
		6B7F65602BB79EE6007FBA95 /* pageframe.html */ = {isa = PBXFileReference; lastKnownFileType = text.html; path = pageframe.html; sourceTree = "<group>"; };
		6BD5E5932BB6C33A006EB33F /* Weapp.app */ = {isa = PBXFileReference; explicitFileType = wrapper.application; includeInIndex = 0; path = Weapp.app; sourceTree = BUILT_PRODUCTS_DIR; };
		6BD5E5962BB6C33A006EB33F /* WeappApp.swift */ = {isa = PBXFileReference; lastKnownFileType = sourcecode.swift; path = WeappApp.swift; sourceTree = "<group>"; };
		6BD5E5982BB6C33A006EB33F /* ContentView.swift */ = {isa = PBXFileReference; lastKnownFileType = sourcecode.swift; path = ContentView.swift; sourceTree = "<group>"; };
		6BD5E59A2BB6C33C006EB33F /* Assets.xcassets */ = {isa = PBXFileReference; lastKnownFileType = folder.assetcatalog; path = Assets.xcassets; sourceTree = "<group>"; };
		6BD5E59D2BB6C33C006EB33F /* Preview Assets.xcassets */ = {isa = PBXFileReference; lastKnownFileType = folder.assetcatalog; path = "Preview Assets.xcassets"; sourceTree = "<group>"; };
		6BD5E5A42BB6C36B006EB33F /* MiniAppSandbox.swift */ = {isa = PBXFileReference; fileEncoding = 4; lastKnownFileType = sourcecode.swift; path = MiniAppSandbox.swift; sourceTree = "<group>"; };
		6BD5E5A52BB6C36B006EB33F /* AppManger.swift */ = {isa = PBXFileReference; fileEncoding = 4; lastKnownFileType = sourcecode.swift; path = AppManger.swift; sourceTree = "<group>"; };
		6BD5E5A82BB6CD2A006EB33F /* Info.plist */ = {isa = PBXFileReference; lastKnownFileType = text.plist; path = Info.plist; sourceTree = "<group>"; };
		6BD5E5AC2BB6CFF6006EB33F /* Navigation.swift */ = {isa = PBXFileReference; lastKnownFileType = sourcecode.swift; path = Navigation.swift; sourceTree = "<group>"; };
		6BD5E5AE2BB6D43E006EB33F /* LoadingView.swift */ = {isa = PBXFileReference; lastKnownFileType = sourcecode.swift; path = LoadingView.swift; sourceTree = "<group>"; };
		6BD5E5BA2BB6E9B3006EB33F /* Bridge.swift */ = {isa = PBXFileReference; lastKnownFileType = sourcecode.swift; path = Bridge.swift; sourceTree = "<group>"; };
		6BD5E5BC2BB6EBF0006EB33F /* JSCore.swift */ = {isa = PBXFileReference; lastKnownFileType = sourcecode.swift; path = JSCore.swift; sourceTree = "<group>"; };
		6BD5E5BF2BB6EE54006EB33F /* logic.js */ = {isa = PBXFileReference; fileEncoding = 4; lastKnownFileType = sourcecode.javascript; path = logic.js; sourceTree = "<group>"; };
		6BD5E5C22BB709A9006EB33F /* index.js */ = {isa = PBXFileReference; lastKnownFileType = sourcecode.javascript; path = index.js; sourceTree = "<group>"; };
		6BD647EF2BB7EDBA006DC9C6 /* WeWrapper.swift */ = {isa = PBXFileReference; lastKnownFileType = sourcecode.swift; path = WeWrapper.swift; sourceTree = "<group>"; };
/* End PBXFileReference section */

/* Begin PBXFrameworksBuildPhase section */
		6BD5E5902BB6C33A006EB33F /* Frameworks */ = {
			isa = PBXFrameworksBuildPhase;
			buildActionMask = 2147483647;
			files = (
			);
			runOnlyForDeploymentPostprocessing = 0;
		};
/* End PBXFrameworksBuildPhase section */

/* Begin PBXGroup section */
		6BD5E58A2BB6C33A006EB33F = {
			isa = PBXGroup;
			children = (
				6BD5E5952BB6C33A006EB33F /* Weapp */,
				6BD5E5942BB6C33A006EB33F /* Products */,
			);
			sourceTree = "<group>";
		};
		6BD5E5942BB6C33A006EB33F /* Products */ = {
			isa = PBXGroup;
			children = (
				6BD5E5932BB6C33A006EB33F /* Weapp.app */,
			);
			name = Products;
			sourceTree = "<group>";
		};
		6BD5E5952BB6C33A006EB33F /* Weapp */ = {
			isa = PBXGroup;
			children = (
				6BD5E5C12BB70996006EB33F /* ui */,
				6BD5E5BE2BB6EE2B006EB33F /* logic */,
				6BD5E5A82BB6CD2A006EB33F /* Info.plist */,
				6BD5E5962BB6C33A006EB33F /* WeappApp.swift */,
				6BD5E5982BB6C33A006EB33F /* ContentView.swift */,
				6BD5E5A52BB6C36B006EB33F /* AppManger.swift */,
				6BD5E5A42BB6C36B006EB33F /* MiniAppSandbox.swift */,
				6BD647EF2BB7EDBA006DC9C6 /* WeWrapper.swift */,
				6BD5E5BC2BB6EBF0006EB33F /* JSCore.swift */,
				6BD5E5BA2BB6E9B3006EB33F /* Bridge.swift */,
				6BD5E5AE2BB6D43E006EB33F /* LoadingView.swift */,
				6BD5E59A2BB6C33C006EB33F /* Assets.xcassets */,
				6BD5E59C2BB6C33C006EB33F /* Preview Content */,
				6BD5E5AC2BB6CFF6006EB33F /* Navigation.swift */,
			);
			path = Weapp;
			sourceTree = "<group>";
		};
		6BD5E59C2BB6C33C006EB33F /* Preview Content */ = {
			isa = PBXGroup;
			children = (
				6BD5E59D2BB6C33C006EB33F /* Preview Assets.xcassets */,
			);
			path = "Preview Content";
			sourceTree = "<group>";
		};
		6BD5E5BE2BB6EE2B006EB33F /* logic */ = {
			isa = PBXGroup;
			children = (
				6BD5E5BF2BB6EE54006EB33F /* logic.js */,
			);
			path = logic;
			sourceTree = "<group>";
		};
		6BD5E5C12BB70996006EB33F /* ui */ = {
			isa = PBXGroup;
			children = (
				6B7F65602BB79EE6007FBA95 /* pageframe.html */,
				6BD5E5C22BB709A9006EB33F /* index.js */,
			);
			path = ui;
			sourceTree = "<group>";
		};
/* End PBXGroup section */

/* Begin PBXNativeTarget section */
		6BD5E5922BB6C33A006EB33F /* Weapp */ = {
			isa = PBXNativeTarget;
			buildConfigurationList = 6BD5E5A12BB6C33C006EB33F /* Build configuration list for PBXNativeTarget "Weapp" */;
			buildPhases = (
				6BD5E58F2BB6C33A006EB33F /* Sources */,
				6BD5E5902BB6C33A006EB33F /* Frameworks */,
				6BD5E5912BB6C33A006EB33F /* Resources */,
			);
			buildRules = (
			);
			dependencies = (
			);
			name = Weapp;
			packageProductDependencies = (
			);
			productName = Weapp;
			productReference = 6BD5E5932BB6C33A006EB33F /* Weapp.app */;
			productType = "com.apple.product-type.application";
		};
/* End PBXNativeTarget section */

/* Begin PBXProject section */
		6BD5E58B2BB6C33A006EB33F /* Project object */ = {
			isa = PBXProject;
			attributes = {
				BuildIndependentTargetsInParallel = 1;
				LastSwiftUpdateCheck = 1530;
				LastUpgradeCheck = 1530;
				TargetAttributes = {
					6BD5E5922BB6C33A006EB33F = {
						CreatedOnToolsVersion = 15.3;
					};
				};
			};
			buildConfigurationList = 6BD5E58E2BB6C33A006EB33F /* Build configuration list for PBXProject "Weapp" */;
			compatibilityVersion = "Xcode 14.0";
			developmentRegion = en;
			hasScannedForEncodings = 0;
			knownRegions = (
				en,
				Base,
			);
			mainGroup = 6BD5E58A2BB6C33A006EB33F;
			packageReferences = (
			);
			productRefGroup = 6BD5E5942BB6C33A006EB33F /* Products */;
			projectDirPath = "";
			projectRoot = "";
			targets = (
				6BD5E5922BB6C33A006EB33F /* Weapp */,
			);
		};
/* End PBXProject section */

/* Begin PBXResourcesBuildPhase section */
		6BD5E5912BB6C33A006EB33F /* Resources */ = {
			isa = PBXResourcesBuildPhase;
			buildActionMask = 2147483647;
			files = (
				6BC0B7E02BBAE273007DEBAC /* index.js in Resources */,
				6BD5E59E2BB6C33C006EB33F /* Preview Assets.xcassets in Resources */,
				6B7F65612BB79EE6007FBA95 /* pageframe.html in Resources */,
				6BD5E59B2BB6C33C006EB33F /* Assets.xcassets in Resources */,
				6BC0B7DE2BBAE225007DEBAC /* logic.js in Resources */,
			);
			runOnlyForDeploymentPostprocessing = 0;
		};
/* End PBXResourcesBuildPhase section */

/* Begin PBXSourcesBuildPhase section */
		6BD5E58F2BB6C33A006EB33F /* Sources */ = {
			isa = PBXSourcesBuildPhase;
			buildActionMask = 2147483647;
			files = (
				6BD5E5992BB6C33A006EB33F /* ContentView.swift in Sources */,
				6BD5E5A72BB6C36B006EB33F /* AppManger.swift in Sources */,
				6BD5E5BB2BB6E9B3006EB33F /* Bridge.swift in Sources */,
				6BD5E5AD2BB6CFF6006EB33F /* Navigation.swift in Sources */,
				6BD5E5972BB6C33A006EB33F /* WeappApp.swift in Sources */,
				6BD5E5BD2BB6EBF0006EB33F /* JSCore.swift in Sources */,
				6BD5E5A62BB6C36B006EB33F /* MiniAppSandbox.swift in Sources */,
				6BD5E5AF2BB6D43E006EB33F /* LoadingView.swift in Sources */,
				6BD647F02BB7EDBA006DC9C6 /* WeWrapper.swift in Sources */,
			);
			runOnlyForDeploymentPostprocessing = 0;
		};
/* End PBXSourcesBuildPhase section */

/* Begin XCBuildConfiguration section */
		6BD5E59F2BB6C33C006EB33F /* Debug */ = {
			isa = XCBuildConfiguration;
			buildSettings = {
				ALWAYS_SEARCH_USER_PATHS = NO;
				ASSETCATALOG_COMPILER_GENERATE_SWIFT_ASSET_SYMBOL_EXTENSIONS = YES;
				CLANG_ANALYZER_NONNULL = YES;
				CLANG_ANALYZER_NUMBER_OBJECT_CONVERSION = YES_AGGRESSIVE;
				CLANG_CXX_LANGUAGE_STANDARD = "gnu++20";
				CLANG_ENABLE_MODULES = YES;
				CLANG_ENABLE_OBJC_ARC = YES;
				CLANG_ENABLE_OBJC_WEAK = YES;
				CLANG_WARN_BLOCK_CAPTURE_AUTORELEASING = YES;
				CLANG_WARN_BOOL_CONVERSION = YES;
				CLANG_WARN_COMMA = YES;
				CLANG_WARN_CONSTANT_CONVERSION = YES;
				CLANG_WARN_DEPRECATED_OBJC_IMPLEMENTATIONS = YES;
				CLANG_WARN_DIRECT_OBJC_ISA_USAGE = YES_ERROR;
				CLANG_WARN_DOCUMENTATION_COMMENTS = YES;
				CLANG_WARN_EMPTY_BODY = YES;
				CLANG_WARN_ENUM_CONVERSION = YES;
				CLANG_WARN_INFINITE_RECURSION = YES;
				CLANG_WARN_INT_CONVERSION = YES;
				CLANG_WARN_NON_LITERAL_NULL_CONVERSION = YES;
				CLANG_WARN_OBJC_IMPLICIT_RETAIN_SELF = YES;
				CLANG_WARN_OBJC_LITERAL_CONVERSION = YES;
				CLANG_WARN_OBJC_ROOT_CLASS = YES_ERROR;
				CLANG_WARN_QUOTED_INCLUDE_IN_FRAMEWORK_HEADER = YES;
				CLANG_WARN_RANGE_LOOP_ANALYSIS = YES;
				CLANG_WARN_STRICT_PROTOTYPES = YES;
				CLANG_WARN_SUSPICIOUS_MOVE = YES;
				CLANG_WARN_UNGUARDED_AVAILABILITY = YES_AGGRESSIVE;
				CLANG_WARN_UNREACHABLE_CODE = YES;
				CLANG_WARN__DUPLICATE_METHOD_MATCH = YES;
				COPY_PHASE_STRIP = NO;
				DEBUG_INFORMATION_FORMAT = dwarf;
				ENABLE_STRICT_OBJC_MSGSEND = YES;
				ENABLE_TESTABILITY = YES;
				ENABLE_USER_SCRIPT_SANDBOXING = YES;
				GCC_C_LANGUAGE_STANDARD = gnu17;
				GCC_DYNAMIC_NO_PIC = NO;
				GCC_NO_COMMON_BLOCKS = YES;
				GCC_OPTIMIZATION_LEVEL = 0;
				GCC_PREPROCESSOR_DEFINITIONS = (
					"DEBUG=1",
					"$(inherited)",
				);
				GCC_WARN_64_TO_32_BIT_CONVERSION = YES;
				GCC_WARN_ABOUT_RETURN_TYPE = YES_ERROR;
				GCC_WARN_UNDECLARED_SELECTOR = YES;
				GCC_WARN_UNINITIALIZED_AUTOS = YES_AGGRESSIVE;
				GCC_WARN_UNUSED_FUNCTION = YES;
				GCC_WARN_UNUSED_VARIABLE = YES;
				IPHONEOS_DEPLOYMENT_TARGET = 17.4;
				LOCALIZATION_PREFERS_STRING_CATALOGS = YES;
				MTL_ENABLE_DEBUG_INFO = INCLUDE_SOURCE;
				MTL_FAST_MATH = YES;
				ONLY_ACTIVE_ARCH = YES;
				SDKROOT = iphoneos;
				SWIFT_ACTIVE_COMPILATION_CONDITIONS = "DEBUG $(inherited)";
				SWIFT_OPTIMIZATION_LEVEL = "-Onone";
			};
			name = Debug;
		};
		6BD5E5A02BB6C33C006EB33F /* Release */ = {
			isa = XCBuildConfiguration;
			buildSettings = {
				ALWAYS_SEARCH_USER_PATHS = NO;
				ASSETCATALOG_COMPILER_GENERATE_SWIFT_ASSET_SYMBOL_EXTENSIONS = YES;
				CLANG_ANALYZER_NONNULL = YES;
				CLANG_ANALYZER_NUMBER_OBJECT_CONVERSION = YES_AGGRESSIVE;
				CLANG_CXX_LANGUAGE_STANDARD = "gnu++20";
				CLANG_ENABLE_MODULES = YES;
				CLANG_ENABLE_OBJC_ARC = YES;
				CLANG_ENABLE_OBJC_WEAK = YES;
				CLANG_WARN_BLOCK_CAPTURE_AUTORELEASING = YES;
				CLANG_WARN_BOOL_CONVERSION = YES;
				CLANG_WARN_COMMA = YES;
				CLANG_WARN_CONSTANT_CONVERSION = YES;
				CLANG_WARN_DEPRECATED_OBJC_IMPLEMENTATIONS = YES;
				CLANG_WARN_DIRECT_OBJC_ISA_USAGE = YES_ERROR;
				CLANG_WARN_DOCUMENTATION_COMMENTS = YES;
				CLANG_WARN_EMPTY_BODY = YES;
				CLANG_WARN_ENUM_CONVERSION = YES;
				CLANG_WARN_INFINITE_RECURSION = YES;
				CLANG_WARN_INT_CONVERSION = YES;
				CLANG_WARN_NON_LITERAL_NULL_CONVERSION = YES;
				CLANG_WARN_OBJC_IMPLICIT_RETAIN_SELF = YES;
				CLANG_WARN_OBJC_LITERAL_CONVERSION = YES;
				CLANG_WARN_OBJC_ROOT_CLASS = YES_ERROR;
				CLANG_WARN_QUOTED_INCLUDE_IN_FRAMEWORK_HEADER = YES;
				CLANG_WARN_RANGE_LOOP_ANALYSIS = YES;
				CLANG_WARN_STRICT_PROTOTYPES = YES;
				CLANG_WARN_SUSPICIOUS_MOVE = YES;
				CLANG_WARN_UNGUARDED_AVAILABILITY = YES_AGGRESSIVE;
				CLANG_WARN_UNREACHABLE_CODE = YES;
				CLANG_WARN__DUPLICATE_METHOD_MATCH = YES;
				COPY_PHASE_STRIP = NO;
				DEBUG_INFORMATION_FORMAT = "dwarf-with-dsym";
				ENABLE_NS_ASSERTIONS = NO;
				ENABLE_STRICT_OBJC_MSGSEND = YES;
				ENABLE_USER_SCRIPT_SANDBOXING = YES;
				GCC_C_LANGUAGE_STANDARD = gnu17;
				GCC_NO_COMMON_BLOCKS = YES;
				GCC_WARN_64_TO_32_BIT_CONVERSION = YES;
				GCC_WARN_ABOUT_RETURN_TYPE = YES_ERROR;
				GCC_WARN_UNDECLARED_SELECTOR = YES;
				GCC_WARN_UNINITIALIZED_AUTOS = YES_AGGRESSIVE;
				GCC_WARN_UNUSED_FUNCTION = YES;
				GCC_WARN_UNUSED_VARIABLE = YES;
				IPHONEOS_DEPLOYMENT_TARGET = 17.4;
				LOCALIZATION_PREFERS_STRING_CATALOGS = YES;
				MTL_ENABLE_DEBUG_INFO = NO;
				MTL_FAST_MATH = YES;
				SDKROOT = iphoneos;
				SWIFT_COMPILATION_MODE = wholemodule;
				VALIDATE_PRODUCT = YES;
			};
			name = Release;
		};
		6BD5E5A22BB6C33C006EB33F /* Debug */ = {
			isa = XCBuildConfiguration;
			buildSettings = {
				ASSETCATALOG_COMPILER_APPICON_NAME = AppIcon;
				ASSETCATALOG_COMPILER_GLOBAL_ACCENT_COLOR_NAME = AccentColor;
				CODE_SIGN_STYLE = Automatic;
				CURRENT_PROJECT_VERSION = 1;
				DEVELOPMENT_ASSET_PATHS = "\"Weapp/Preview Content\"";
				DEVELOPMENT_TEAM = 5MWQNTQR5M;
				ENABLE_PREVIEWS = YES;
				GENERATE_INFOPLIST_FILE = YES;
				INFOPLIST_FILE = Weapp/Info.plist;
				INFOPLIST_KEY_UIApplicationSceneManifest_Generation = YES;
				INFOPLIST_KEY_UIApplicationSupportsIndirectInputEvents = YES;
				INFOPLIST_KEY_UILaunchScreen_Generation = YES;
				INFOPLIST_KEY_UISupportedInterfaceOrientations_iPad = "UIInterfaceOrientationPortrait UIInterfaceOrientationPortraitUpsideDown UIInterfaceOrientationLandscapeLeft UIInterfaceOrientationLandscapeRight";
				INFOPLIST_KEY_UISupportedInterfaceOrientations_iPhone = "UIInterfaceOrientationPortrait UIInterfaceOrientationLandscapeLeft UIInterfaceOrientationLandscapeRight";
				LD_RUNPATH_SEARCH_PATHS = (
					"$(inherited)",
					"@executable_path/Frameworks",
				);
				MARKETING_VERSION = 1.0;
				PRODUCT_BUNDLE_IDENTIFIER = com.shenxiang.www.Weapp;
				PRODUCT_NAME = "$(TARGET_NAME)";
				SWIFT_EMIT_LOC_STRINGS = YES;
				SWIFT_VERSION = 5.0;
				TARGETED_DEVICE_FAMILY = "1,2";
			};
			name = Debug;
		};
		6BD5E5A32BB6C33C006EB33F /* Release */ = {
			isa = XCBuildConfiguration;
			buildSettings = {
				ASSETCATALOG_COMPILER_APPICON_NAME = AppIcon;
				ASSETCATALOG_COMPILER_GLOBAL_ACCENT_COLOR_NAME = AccentColor;
				CODE_SIGN_STYLE = Automatic;
				CURRENT_PROJECT_VERSION = 1;
				DEVELOPMENT_ASSET_PATHS = "\"Weapp/Preview Content\"";
				DEVELOPMENT_TEAM = 5MWQNTQR5M;
				ENABLE_PREVIEWS = YES;
				GENERATE_INFOPLIST_FILE = YES;
				INFOPLIST_FILE = Weapp/Info.plist;
				INFOPLIST_KEY_UIApplicationSceneManifest_Generation = YES;
				INFOPLIST_KEY_UIApplicationSupportsIndirectInputEvents = YES;
				INFOPLIST_KEY_UILaunchScreen_Generation = YES;
				INFOPLIST_KEY_UISupportedInterfaceOrientations_iPad = "UIInterfaceOrientationPortrait UIInterfaceOrientationPortraitUpsideDown UIInterfaceOrientationLandscapeLeft UIInterfaceOrientationLandscapeRight";
				INFOPLIST_KEY_UISupportedInterfaceOrientations_iPhone = "UIInterfaceOrientationPortrait UIInterfaceOrientationLandscapeLeft UIInterfaceOrientationLandscapeRight";
				LD_RUNPATH_SEARCH_PATHS = (
					"$(inherited)",
					"@executable_path/Frameworks",
				);
				MARKETING_VERSION = 1.0;
				PRODUCT_BUNDLE_IDENTIFIER = com.shenxiang.www.Weapp;
				PRODUCT_NAME = "$(TARGET_NAME)";
				SWIFT_EMIT_LOC_STRINGS = YES;
				SWIFT_VERSION = 5.0;
				TARGETED_DEVICE_FAMILY = "1,2";
			};
			name = Release;
		};
/* End XCBuildConfiguration section */

/* Begin XCConfigurationList section */
		6BD5E58E2BB6C33A006EB33F /* Build configuration list for PBXProject "Weapp" */ = {
			isa = XCConfigurationList;
			buildConfigurations = (
				6BD5E59F2BB6C33C006EB33F /* Debug */,
				6BD5E5A02BB6C33C006EB33F /* Release */,
			);
			defaultConfigurationIsVisible = 0;
			defaultConfigurationName = Release;
		};
		6BD5E5A12BB6C33C006EB33F /* Build configuration list for PBXNativeTarget "Weapp" */ = {
			isa = XCConfigurationList;
			buildConfigurations = (
				6BD5E5A22BB6C33C006EB33F /* Debug */,
				6BD5E5A32BB6C33C006EB33F /* Release */,
			);
			defaultConfigurationIsVisible = 0;
			defaultConfigurationName = Release;
		};
/* End XCConfigurationList section */
	};
	rootObject = 6BD5E58B2BB6C33A006EB33F /* Project object */;
}
